
Microsoft Visual Studio Solution File, Format Version 12.00
# Visual Studio 15
Project("{FAE04EC0-301F-11D3-BF4B-00C04F79EFBC}") = "UnityEngine.UI", "UnityEngine.UI.csproj", "{10AA5153-4FBF-85F2-5872-4A5DDD923718}"
EndProject
Project("{FAE04EC0-301F-11D3-BF4B-00C04F79EFBC}") = "UnityEngine.TestRunner", "UnityEngine.TestRunner.csproj", "{B572B9DF-CC7E-7505-1203-9A73DEEBF44A}"
EndProject
Project("{FAE04EC0-301F-11D3-BF4B-00C04F79EFBC}") = "Assembly-CSharp", "Assembly-CSharp.csproj", "{7600D9D7-7AE4-00A4-C0F3-C1FA67530F8A}"
EndProject
Project("{FAE04EC0-301F-11D3-BF4B-00C04F79EFBC}") = "Unity.Mathematics", "Unity.Mathematics.csproj", "{0AA3F812-9025-39BD-6888-1A9FF743B464}"
EndProject
Project("{FAE04EC0-301F-11D3-BF4B-00C04F79EFBC}") = "Unity.2D.Animation.Triangle.Runtime", "Unity.2D.Animation.Triangle.Runtime.csproj", "{7D3EF825-3944-BAA3-6F90-82EA1177A24E}"
EndProject
Project("{FAE04EC0-301F-11D3-BF4B-00C04F79EFBC}") = "Unity.Timeline", "Unity.Timeline.csproj", "{F5B95019-7E6E-4380-5348-E4B6C6E59ACD}"
EndProject
Project("{FAE04EC0-301F-11D3-BF4B-00C04F79EFBC}") = "Cinemachine", "Cinemachine.csproj", "{A11D89C3-6CC3-05A4-F841-14E9B11E1153}"
EndProject
Project("{FAE04EC0-301F-11D3-BF4B-00C04F79EFBC}") = "Unity.TextMeshPro", "Unity.TextMeshPro.csproj", "{6C2A7A83-3489-4517-C1D4-6A40163948C8}"
EndProject
Project("{FAE04EC0-301F-11D3-BF4B-00C04F79EFBC}") = "Unity.2D.Animation.Runtime", "Unity.2D.Animation.Runtime.csproj", "{FC57E0C3-4360-40BD-916A-DCB0792AA7DF}"
EndProject
Project("{FAE04EC0-301F-11D3-BF4B-00C04F79EFBC}") = "Unity.2D.IK.Runtime", "Unity.2D.IK.Runtime.csproj", "{C9988C18-FC5B-C5DF-A6FA-E8B183E6FF79}"
EndProject
Project("{FAE04EC0-301F-11D3-BF4B-00C04F79EFBC}") = "Unity.2D.SpriteShape.Runtime", "Unity.2D.SpriteShape.Runtime.csproj", "{4AF81FE9-FEB5-00EF-5310-371B3A5F0686}"
EndProject
Project("{FAE04EC0-301F-11D3-BF4B-00C04F79EFBC}") = "Unity.2D.PixelPerfect", "Unity.2D.PixelPerfect.csproj", "{D9D9FBC3-D6CE-D5D7-52E7-E10A7DE50392}"
EndProject
Project("{FAE04EC0-301F-11D3-BF4B-00C04F79EFBC}") = "Unity.2D.Common.Runtime", "Unity.2D.Common.Runtime.csproj", "{2EA20FBE-40FC-E082-C273-3FFCC2CF1257}"
EndProject
Project("{FAE04EC0-301F-11D3-BF4B-00C04F79EFBC}") = "Unity.InternalAPIEngineBridge.001", "Unity.InternalAPIEngineBridge.001.csproj", "{A4B5284A-91A7-53C2-362C-27E8EE8A68FC}"
EndProject
Project("{FAE04EC0-301F-11D3-BF4B-00C04F79EFBC}") = "Unity.2D.Animation.Editor", "Unity.2D.Animation.Editor.csproj", "{B3FF1E3B-41B3-3AD1-FFE1-B09989B3B232}"
EndProject
Project("{FAE04EC0-301F-11D3-BF4B-00C04F79EFBC}") = "UnityEditor.TestRunner", "UnityEditor.TestRunner.csproj", "{21440DF1-9D72-CD38-C734-54000AB4EBC5}"
EndProject
Project("{FAE04EC0-301F-11D3-BF4B-00C04F79EFBC}") = "Unity.PlasticSCM.Editor", "Unity.PlasticSCM.Editor.csproj", "{6A90EAFB-C78A-6E8A-4DB1-D66ACFC1A970}"
EndProject
Project("{FAE04EC0-301F-11D3-BF4B-00C04F79EFBC}") = "UnityEditor.UI", "UnityEditor.UI.csproj", "{8E647278-504B-BC10-E002-628F55F14EA7}"
EndProject
Project("{FAE04EC0-301F-11D3-BF4B-00C04F79EFBC}") = "Unity.Timeline.Editor", "Unity.Timeline.Editor.csproj", "{B3B6D5FB-BBBE-DECC-7F71-5E090E3AEC7B}"
EndProject
Project("{FAE04EC0-301F-11D3-BF4B-00C04F79EFBC}") = "Unity.VisualStudio.Editor", "Unity.VisualStudio.Editor.csproj", "{B0E58D82-DA10-8AFA-6E49-D31D1A83EF86}"
EndProject
Project("{FAE04EC0-301F-11D3-BF4B-00C04F79EFBC}") = "com.unity.cinemachine.editor", "com.unity.cinemachine.editor.csproj", "{A34FAB93-B5FA-0325-34F1-4F7E9E1F2D85}"
EndProject
Project("{FAE04EC0-301F-11D3-BF4B-00C04F79EFBC}") = "Unity.2D.Psdimporter.Editor", "Unity.2D.Psdimporter.Editor.csproj", "{E23992E5-1472-F176-51D6-2BB68BFC89F6}"
EndProject
Project("{FAE04EC0-301F-11D3-BF4B-00C04F79EFBC}") = "Unity.TextMeshPro.Editor", "Unity.TextMeshPro.Editor.csproj", "{F0C86AA6-7CD4-48D0-12E7-F28540657B17}"
EndProject
Project("{FAE04EC0-301F-11D3-BF4B-00C04F79EFBC}") = "Unity.2D.SpriteShape.Editor", "Unity.2D.SpriteShape.Editor.csproj", "{01743A40-9D86-E27E-EB31-EE772E30D7CB}"
EndProject
Project("{FAE04EC0-301F-11D3-BF4B-00C04F79EFBC}") = "Unity.CollabProxy.Editor", "Unity.CollabProxy.Editor.csproj", "{7E3A6699-5F15-2D5E-6F43-14273AC1FEFD}"
EndProject
Project("{FAE04EC0-301F-11D3-BF4B-00C04F79EFBC}") = "PsdPlugin", "PsdPlugin.csproj", "{E1007D96-F3A4-CBA4-1906-8C228AF93FE1}"
EndProject
Project("{FAE04EC0-301F-11D3-BF4B-00C04F79EFBC}") = "Unity.2D.Path.Editor", "Unity.2D.Path.Editor.csproj", "{73C9A218-962D-0EC7-6E61-7F9F84FF6FEA}"
EndProject
Project("{FAE04EC0-301F-11D3-BF4B-00C04F79EFBC}") = "Unity.Rider.Editor", "Unity.Rider.Editor.csproj", "{A532EF2C-07D9-D24A-1303-DEA33660617D}"
EndProject
Project("{FAE04EC0-301F-11D3-BF4B-00C04F79EFBC}") = "Unity.2D.IK.Editor", "Unity.2D.IK.Editor.csproj", "{C79341C0-2938-B245-C940-FD19D855C143}"
EndProject
Project("{FAE04EC0-301F-11D3-BF4B-00C04F79EFBC}") = "Unity.2D.Sprite.Editor", "Unity.2D.Sprite.Editor.csproj", "{9ECF8A42-4299-3853-37F1-9EABDCD9267B}"
EndProject
Project("{FAE04EC0-301F-11D3-BF4B-00C04F79EFBC}") = "Unity.2D.Tilemap.Editor", "Unity.2D.Tilemap.Editor.csproj", "{7BCFA3D8-A99A-2040-B2E1-A4FD8A6A9C3D}"
EndProject
Project("{FAE04EC0-301F-11D3-BF4B-00C04F79EFBC}") = "Assembly-CSharp-Editor", "Assembly-CSharp-Editor.csproj", "{F5E0C682-C4E2-8D09-F0EB-C25FF99645F6}"
EndProject
Project("{FAE04EC0-301F-11D3-BF4B-00C04F79EFBC}") = "Unity.2D.PixelPerfect.Editor", "Unity.2D.PixelPerfect.Editor.csproj", "{0F9145C2-CDAE-AB75-A81D-A391A1AEB971}"
EndProject
Project("{FAE04EC0-301F-11D3-BF4B-00C04F79EFBC}") = "Unity.VSCode.Editor", "Unity.VSCode.Editor.csproj", "{D38ACD9D-D6C9-6542-EFB9-B30BAD78D7FB}"
EndProject
Project("{FAE04EC0-301F-11D3-BF4B-00C04F79EFBC}") = "Unity.2D.Common.Editor", "Unity.2D.Common.Editor.csproj", "{0134A34F-80AB-7E1D-33D5-9A2531778D26}"
EndProject
Project("{FAE04EC0-301F-11D3-BF4B-00C04F79EFBC}") = "Unity.Mathematics.Editor", "Unity.Mathematics.Editor.csproj", "{3A32B10F-93F7-D118-9D39-FF696C907F23}"
EndProject
Project("{FAE04EC0-301F-11D3-BF4B-00C04F79EFBC}") = "Unity.InternalAPIEditorBridge.001", "Unity.InternalAPIEditorBridge.001.csproj", "{E213EB71-35BA-16BF-D5D9-0F72844B2ED7}"
EndProject
Project("{FAE04EC0-301F-11D3-BF4B-00C04F79EFBC}") = "UnityEngine.UI", "UnityEngine.UI.Player.csproj", "{B0D168E8-9F18-709B-7E47-CE585713B413}"
EndProject
Project("{FAE04EC0-301F-11D3-BF4B-00C04F79EFBC}") = "UnityEngine.TestRunner", "UnityEngine.TestRunner.Player.csproj", "{FF6DB680-C0E2-2F2F-75B0-C61AB97D6A3F}"
EndProject
Project("{FAE04EC0-301F-11D3-BF4B-00C04F79EFBC}") = "Assembly-CSharp", "Assembly-CSharp.Player.csproj", "{A99D3587-5876-96FE-A013-0B84BFD6234F}"
EndProject
Project("{FAE04EC0-301F-11D3-BF4B-00C04F79EFBC}") = "Unity.Mathematics", "Unity.Mathematics.Player.csproj", "{B6AAD24E-7EE0-F633-8F63-71E47E9D26D2}"
EndProject
Project("{FAE04EC0-301F-11D3-BF4B-00C04F79EFBC}") = "Unity.2D.Animation.Triangle.Runtime", "Unity.2D.Animation.Triangle.Runtime.Player.csproj", "{D9A12E1A-A8F6-3923-A24E-D0877D797235}"
EndProject
Project("{FAE04EC0-301F-11D3-BF4B-00C04F79EFBC}") = "Unity.Timeline", "Unity.Timeline.Player.csproj", "{BD45E5F6-6BA3-22EC-2E26-92E07DF8675E}"
EndProject
Project("{FAE04EC0-301F-11D3-BF4B-00C04F79EFBC}") = "Cinemachine", "Cinemachine.Player.csproj", "{2D0F4735-3F7F-ADEC-C1DE-9FE033C465A4}"
EndProject
Project("{FAE04EC0-301F-11D3-BF4B-00C04F79EFBC}") = "Unity.TextMeshPro", "Unity.TextMeshPro.Player.csproj", "{03C9FEC1-15C0-19F2-5DDB-11534CA08579}"
EndProject
Project("{FAE04EC0-301F-11D3-BF4B-00C04F79EFBC}") = "Unity.2D.Animation.Runtime", "Unity.2D.Animation.Runtime.Player.csproj", "{2F9776DD-B75D-FA0C-AE19-F805EE16C13F}"
EndProject
Project("{FAE04EC0-301F-11D3-BF4B-00C04F79EFBC}") = "Unity.2D.IK.Runtime", "Unity.2D.IK.Runtime.Player.csproj", "{CC75D9AA-453D-13D5-6984-117392B7A6DA}"
EndProject
Project("{FAE04EC0-301F-11D3-BF4B-00C04F79EFBC}") = "Unity.2D.SpriteShape.Runtime", "Unity.2D.SpriteShape.Runtime.Player.csproj", "{C7F38F16-097F-DDD9-74AB-3698D7762529}"
EndProject
Project("{FAE04EC0-301F-11D3-BF4B-00C04F79EFBC}") = "Unity.2D.PixelPerfect", "Unity.2D.PixelPerfect.Player.csproj", "{077BFBA7-ABE4-A80C-AF34-B1A956F6AC79}"
EndProject
Project("{FAE04EC0-301F-11D3-BF4B-00C04F79EFBC}") = "Unity.2D.Common.Runtime", "Unity.2D.Common.Runtime.Player.csproj", "{48598F0A-B3C7-488A-B25D-11A1A20873DB}"
EndProject
Project("{FAE04EC0-301F-11D3-BF4B-00C04F79EFBC}") = "Unity.InternalAPIEngineBridge.001", "Unity.InternalAPIEngineBridge.001.Player.csproj", "{56E6C531-992A-96F0-92D6-9231F2DB180E}"
EndProject
Global
	GlobalSection(SolutionConfigurationPlatforms) = preSolution
		Debug|Any CPU = Debug|Any CPU
		Release|Any CPU = Release|Any CPU
	EndGlobalSection
	GlobalSection(ProjectConfigurationPlatforms) = postSolution
		{10AA5153-4FBF-85F2-5872-4A5DDD923718}.Debug|Any CPU.ActiveCfg = Debug|Any CPU
		{10AA5153-4FBF-85F2-5872-4A5DDD923718}.Debug|Any CPU.Build.0 = Debug|Any CPU
		{10AA5153-4FBF-85F2-5872-4A5DDD923718}.Release|Any CPU.ActiveCfg = Release|Any CPU
		{10AA5153-4FBF-85F2-5872-4A5DDD923718}.Release|Any CPU.Build.0 = Release|Any CPU
		{B572B9DF-CC7E-7505-1203-9A73DEEBF44A}.Debug|Any CPU.ActiveCfg = Debug|Any CPU
		{B572B9DF-CC7E-7505-1203-9A73DEEBF44A}.Debug|Any CPU.Build.0 = Debug|Any CPU
		{B572B9DF-CC7E-7505-1203-9A73DEEBF44A}.Release|Any CPU.ActiveCfg = Release|Any CPU
		{B572B9DF-CC7E-7505-1203-9A73DEEBF44A}.Release|Any CPU.Build.0 = Release|Any CPU
		{7600D9D7-7AE4-00A4-C0F3-C1FA67530F8A}.Debug|Any CPU.ActiveCfg = Debug|Any CPU
		{7600D9D7-7AE4-00A4-C0F3-C1FA67530F8A}.Debug|Any CPU.Build.0 = Debug|Any CPU
		{7600D9D7-7AE4-00A4-C0F3-C1FA67530F8A}.Release|Any CPU.ActiveCfg = Release|Any CPU
		{7600D9D7-7AE4-00A4-C0F3-C1FA67530F8A}.Release|Any CPU.Build.0 = Release|Any CPU
		{0AA3F812-9025-39BD-6888-1A9FF743B464}.Debug|Any CPU.ActiveCfg = Debug|Any CPU
		{0AA3F812-9025-39BD-6888-1A9FF743B464}.Debug|Any CPU.Build.0 = Debug|Any CPU
		{0AA3F812-9025-39BD-6888-1A9FF743B464}.Release|Any CPU.ActiveCfg = Release|Any CPU
		{0AA3F812-9025-39BD-6888-1A9FF743B464}.Release|Any CPU.Build.0 = Release|Any CPU
		{7D3EF825-3944-BAA3-6F90-82EA1177A24E}.Debug|Any CPU.ActiveCfg = Debug|Any CPU
		{7D3EF825-3944-BAA3-6F90-82EA1177A24E}.Debug|Any CPU.Build.0 = Debug|Any CPU
		{7D3EF825-3944-BAA3-6F90-82EA1177A24E}.Release|Any CPU.ActiveCfg = Release|Any CPU
		{7D3EF825-3944-BAA3-6F90-82EA1177A24E}.Release|Any CPU.Build.0 = Release|Any CPU
		{F5B95019-7E6E-4380-5348-E4B6C6E59ACD}.Debug|Any CPU.ActiveCfg = Debug|Any CPU
		{F5B95019-7E6E-4380-5348-E4B6C6E59ACD}.Debug|Any CPU.Build.0 = Debug|Any CPU
		{F5B95019-7E6E-4380-5348-E4B6C6E59ACD}.Release|Any CPU.ActiveCfg = Release|Any CPU
		{F5B95019-7E6E-4380-5348-E4B6C6E59ACD}.Release|Any CPU.Build.0 = Release|Any CPU
		{A11D89C3-6CC3-05A4-F841-14E9B11E1153}.Debug|Any CPU.ActiveCfg = Debug|Any CPU
		{A11D89C3-6CC3-05A4-F841-14E9B11E1153}.Debug|Any CPU.Build.0 = Debug|Any CPU
		{A11D89C3-6CC3-05A4-F841-14E9B11E1153}.Release|Any CPU.ActiveCfg = Release|Any CPU
		{A11D89C3-6CC3-05A4-F841-14E9B11E1153}.Release|Any CPU.Build.0 = Release|Any CPU
		{6C2A7A83-3489-4517-C1D4-6A40163948C8}.Debug|Any CPU.ActiveCfg = Debug|Any CPU
		{6C2A7A83-3489-4517-C1D4-6A40163948C8}.Debug|Any CPU.Build.0 = Debug|Any CPU
		{6C2A7A83-3489-4517-C1D4-6A40163948C8}.Release|Any CPU.ActiveCfg = Release|Any CPU
		{6C2A7A83-3489-4517-C1D4-6A40163948C8}.Release|Any CPU.Build.0 = Release|Any CPU
		{FC57E0C3-4360-40BD-916A-DCB0792AA7DF}.Debug|Any CPU.ActiveCfg = Debug|Any CPU
		{FC57E0C3-4360-40BD-916A-DCB0792AA7DF}.Debug|Any CPU.Build.0 = Debug|Any CPU
		{FC57E0C3-4360-40BD-916A-DCB0792AA7DF}.Release|Any CPU.ActiveCfg = Release|Any CPU
		{FC57E0C3-4360-40BD-916A-DCB0792AA7DF}.Release|Any CPU.Build.0 = Release|Any CPU
		{C9988C18-FC5B-C5DF-A6FA-E8B183E6FF79}.Debug|Any CPU.ActiveCfg = Debug|Any CPU
		{C9988C18-FC5B-C5DF-A6FA-E8B183E6FF79}.Debug|Any CPU.Build.0 = Debug|Any CPU
		{C9988C18-FC5B-C5DF-A6FA-E8B183E6FF79}.Release|Any CPU.ActiveCfg = Release|Any CPU
		{C9988C18-FC5B-C5DF-A6FA-E8B183E6FF79}.Release|Any CPU.Build.0 = Release|Any CPU
		{4AF81FE9-FEB5-00EF-5310-371B3A5F0686}.Debug|Any CPU.ActiveCfg = Debug|Any CPU
		{4AF81FE9-FEB5-00EF-5310-371B3A5F0686}.Debug|Any CPU.Build.0 = Debug|Any CPU
		{4AF81FE9-FEB5-00EF-5310-371B3A5F0686}.Release|Any CPU.ActiveCfg = Release|Any CPU
		{4AF81FE9-FEB5-00EF-5310-371B3A5F0686}.Release|Any CPU.Build.0 = Release|Any CPU
		{D9D9FBC3-D6CE-D5D7-52E7-E10A7DE50392}.Debug|Any CPU.ActiveCfg = Debug|Any CPU
		{D9D9FBC3-D6CE-D5D7-52E7-E10A7DE50392}.Debug|Any CPU.Build.0 = Debug|Any CPU
		{D9D9FBC3-D6CE-D5D7-52E7-E10A7DE50392}.Release|Any CPU.ActiveCfg = Release|Any CPU
		{D9D9FBC3-D6CE-D5D7-52E7-E10A7DE50392}.Release|Any CPU.Build.0 = Release|Any CPU
		{2EA20FBE-40FC-E082-C273-3FFCC2CF1257}.Debug|Any CPU.ActiveCfg = Debug|Any CPU
		{2EA20FBE-40FC-E082-C273-3FFCC2CF1257}.Debug|Any CPU.Build.0 = Debug|Any CPU
		{2EA20FBE-40FC-E082-C273-3FFCC2CF1257}.Release|Any CPU.ActiveCfg = Release|Any CPU
		{2EA20FBE-40FC-E082-C273-3FFCC2CF1257}.Release|Any CPU.Build.0 = Release|Any CPU
		{A4B5284A-91A7-53C2-362C-27E8EE8A68FC}.Debug|Any CPU.ActiveCfg = Debug|Any CPU
		{A4B5284A-91A7-53C2-362C-27E8EE8A68FC}.Debug|Any CPU.Build.0 = Debug|Any CPU
		{A4B5284A-91A7-53C2-362C-27E8EE8A68FC}.Release|Any CPU.ActiveCfg = Release|Any CPU
		{A4B5284A-91A7-53C2-362C-27E8EE8A68FC}.Release|Any CPU.Build.0 = Release|Any CPU
		{B3FF1E3B-41B3-3AD1-FFE1-B09989B3B232}.Debug|Any CPU.ActiveCfg = Debug|Any CPU
		{B3FF1E3B-41B3-3AD1-FFE1-B09989B3B232}.Debug|Any CPU.Build.0 = Debug|Any CPU
		{B3FF1E3B-41B3-3AD1-FFE1-B09989B3B232}.Release|Any CPU.ActiveCfg = Release|Any CPU
		{B3FF1E3B-41B3-3AD1-FFE1-B09989B3B232}.Release|Any CPU.Build.0 = Release|Any CPU
		{21440DF1-9D72-CD38-C734-54000AB4EBC5}.Debug|Any CPU.ActiveCfg = Debug|Any CPU
		{21440DF1-9D72-CD38-C734-54000AB4EBC5}.Debug|Any CPU.Build.0 = Debug|Any CPU
		{21440DF1-9D72-CD38-C734-54000AB4EBC5}.Release|Any CPU.ActiveCfg = Release|Any CPU
		{21440DF1-9D72-CD38-C734-54000AB4EBC5}.Release|Any CPU.Build.0 = Release|Any CPU
		{6A90EAFB-C78A-6E8A-4DB1-D66ACFC1A970}.Debug|Any CPU.ActiveCfg = Debug|Any CPU
		{6A90EAFB-C78A-6E8A-4DB1-D66ACFC1A970}.Debug|Any CPU.Build.0 = Debug|Any CPU
		{6A90EAFB-C78A-6E8A-4DB1-D66ACFC1A970}.Release|Any CPU.ActiveCfg = Release|Any CPU
		{6A90EAFB-C78A-6E8A-4DB1-D66ACFC1A970}.Release|Any CPU.Build.0 = Release|Any CPU
		{8E647278-504B-BC10-E002-628F55F14EA7}.Debug|Any CPU.ActiveCfg = Debug|Any CPU
		{8E647278-504B-BC10-E002-628F55F14EA7}.Debug|Any CPU.Build.0 = Debug|Any CPU
		{8E647278-504B-BC10-E002-628F55F14EA7}.Release|Any CPU.ActiveCfg = Release|Any CPU
		{8E647278-504B-BC10-E002-628F55F14EA7}.Release|Any CPU.Build.0 = Release|Any CPU
		{B3B6D5FB-BBBE-DECC-7F71-5E090E3AEC7B}.Debug|Any CPU.ActiveCfg = Debug|Any CPU
		{B3B6D5FB-BBBE-DECC-7F71-5E090E3AEC7B}.Debug|Any CPU.Build.0 = Debug|Any CPU
		{B3B6D5FB-BBBE-DECC-7F71-5E090E3AEC7B}.Release|Any CPU.ActiveCfg = Release|Any CPU
		{B3B6D5FB-BBBE-DECC-7F71-5E090E3AEC7B}.Release|Any CPU.Build.0 = Release|Any CPU
		{B0E58D82-DA10-8AFA-6E49-D31D1A83EF86}.Debug|Any CPU.ActiveCfg = Debug|Any CPU
		{B0E58D82-DA10-8AFA-6E49-D31D1A83EF86}.Debug|Any CPU.Build.0 = Debug|Any CPU
		{B0E58D82-DA10-8AFA-6E49-D31D1A83EF86}.Release|Any CPU.ActiveCfg = Release|Any CPU
		{B0E58D82-DA10-8AFA-6E49-D31D1A83EF86}.Release|Any CPU.Build.0 = Release|Any CPU
		{A34FAB93-B5FA-0325-34F1-4F7E9E1F2D85}.Debug|Any CPU.ActiveCfg = Debug|Any CPU
		{A34FAB93-B5FA-0325-34F1-4F7E9E1F2D85}.Debug|Any CPU.Build.0 = Debug|Any CPU
		{A34FAB93-B5FA-0325-34F1-4F7E9E1F2D85}.Release|Any CPU.ActiveCfg = Release|Any CPU
		{A34FAB93-B5FA-0325-34F1-4F7E9E1F2D85}.Release|Any CPU.Build.0 = Release|Any CPU
		{E23992E5-1472-F176-51D6-2BB68BFC89F6}.Debug|Any CPU.ActiveCfg = Debug|Any CPU
		{E23992E5-1472-F176-51D6-2BB68BFC89F6}.Debug|Any CPU.Build.0 = Debug|Any CPU
		{E23992E5-1472-F176-51D6-2BB68BFC89F6}.Release|Any CPU.ActiveCfg = Release|Any CPU
		{E23992E5-1472-F176-51D6-2BB68BFC89F6}.Release|Any CPU.Build.0 = Release|Any CPU
		{F0C86AA6-7CD4-48D0-12E7-F28540657B17}.Debug|Any CPU.ActiveCfg = Debug|Any CPU
		{F0C86AA6-7CD4-48D0-12E7-F28540657B17}.Debug|Any CPU.Build.0 = Debug|Any CPU
		{F0C86AA6-7CD4-48D0-12E7-F28540657B17}.Release|Any CPU.ActiveCfg = Release|Any CPU
		{F0C86AA6-7CD4-48D0-12E7-F28540657B17}.Release|Any CPU.Build.0 = Release|Any CPU
		{01743A40-9D86-E27E-EB31-EE772E30D7CB}.Debug|Any CPU.ActiveCfg = Debug|Any CPU
		{01743A40-9D86-E27E-EB31-EE772E30D7CB}.Debug|Any CPU.Build.0 = Debug|Any CPU
		{01743A40-9D86-E27E-EB31-EE772E30D7CB}.Release|Any CPU.ActiveCfg = Release|Any CPU
		{01743A40-9D86-E27E-EB31-EE772E30D7CB}.Release|Any CPU.Build.0 = Release|Any CPU
		{7E3A6699-5F15-2D5E-6F43-14273AC1FEFD}.Debug|Any CPU.ActiveCfg = Debug|Any CPU
		{7E3A6699-5F15-2D5E-6F43-14273AC1FEFD}.Debug|Any CPU.Build.0 = Debug|Any CPU
		{7E3A6699-5F15-2D5E-6F43-14273AC1FEFD}.Release|Any CPU.ActiveCfg = Release|Any CPU
		{7E3A6699-5F15-2D5E-6F43-14273AC1FEFD}.Release|Any CPU.Build.0 = Release|Any CPU
		{E1007D96-F3A4-CBA4-1906-8C228AF93FE1}.Debug|Any CPU.ActiveCfg = Debug|Any CPU
		{E1007D96-F3A4-CBA4-1906-8C228AF93FE1}.Debug|Any CPU.Build.0 = Debug|Any CPU
		{E1007D96-F3A4-CBA4-1906-8C228AF93FE1}.Release|Any CPU.ActiveCfg = Release|Any CPU
		{E1007D96-F3A4-CBA4-1906-8C228AF93FE1}.Release|Any CPU.Build.0 = Release|Any CPU
		{73C9A218-962D-0EC7-6E61-7F9F84FF6FEA}.Debug|Any CPU.ActiveCfg = Debug|Any CPU
		{73C9A218-962D-0EC7-6E61-7F9F84FF6FEA}.Debug|Any CPU.Build.0 = Debug|Any CPU
		{73C9A218-962D-0EC7-6E61-7F9F84FF6FEA}.Release|Any CPU.ActiveCfg = Release|Any CPU
		{73C9A218-962D-0EC7-6E61-7F9F84FF6FEA}.Release|Any CPU.Build.0 = Release|Any CPU
		{A532EF2C-07D9-D24A-1303-DEA33660617D}.Debug|Any CPU.ActiveCfg = Debug|Any CPU
		{A532EF2C-07D9-D24A-1303-DEA33660617D}.Debug|Any CPU.Build.0 = Debug|Any CPU
		{A532EF2C-07D9-D24A-1303-DEA33660617D}.Release|Any CPU.ActiveCfg = Release|Any CPU
		{A532EF2C-07D9-D24A-1303-DEA33660617D}.Release|Any CPU.Build.0 = Release|Any CPU
		{C79341C0-2938-B245-C940-FD19D855C143}.Debug|Any CPU.ActiveCfg = Debug|Any CPU
		{C79341C0-2938-B245-C940-FD19D855C143}.Debug|Any CPU.Build.0 = Debug|Any CPU
		{C79341C0-2938-B245-C940-FD19D855C143}.Release|Any CPU.ActiveCfg = Release|Any CPU
		{C79341C0-2938-B245-C940-FD19D855C143}.Release|Any CPU.Build.0 = Release|Any CPU
		{9ECF8A42-4299-3853-37F1-9EABDCD9267B}.Debug|Any CPU.ActiveCfg = Debug|Any CPU
		{9ECF8A42-4299-3853-37F1-9EABDCD9267B}.Debug|Any CPU.Build.0 = Debug|Any CPU
		{9ECF8A42-4299-3853-37F1-9EABDCD9267B}.Release|Any CPU.ActiveCfg = Release|Any CPU
		{9ECF8A42-4299-3853-37F1-9EABDCD9267B}.Release|Any CPU.Build.0 = Release|Any CPU
		{7BCFA3D8-A99A-2040-B2E1-A4FD8A6A9C3D}.Debug|Any CPU.ActiveCfg = Debug|Any CPU
		{7BCFA3D8-A99A-2040-B2E1-A4FD8A6A9C3D}.Debug|Any CPU.Build.0 = Debug|Any CPU
		{7BCFA3D8-A99A-2040-B2E1-A4FD8A6A9C3D}.Release|Any CPU.ActiveCfg = Release|Any CPU
		{7BCFA3D8-A99A-2040-B2E1-A4FD8A6A9C3D}.Release|Any CPU.Build.0 = Release|Any CPU
		{F5E0C682-C4E2-8D09-F0EB-C25FF99645F6}.Debug|Any CPU.ActiveCfg = Debug|Any CPU
		{F5E0C682-C4E2-8D09-F0EB-C25FF99645F6}.Debug|Any CPU.Build.0 = Debug|Any CPU
		{F5E0C682-C4E2-8D09-F0EB-C25FF99645F6}.Release|Any CPU.ActiveCfg = Release|Any CPU
		{F5E0C682-C4E2-8D09-F0EB-C25FF99645F6}.Release|Any CPU.Build.0 = Release|Any CPU
		{0F9145C2-CDAE-AB75-A81D-A391A1AEB971}.Debug|Any CPU.ActiveCfg = Debug|Any CPU
		{0F9145C2-CDAE-AB75-A81D-A391A1AEB971}.Debug|Any CPU.Build.0 = Debug|Any CPU
		{0F9145C2-CDAE-AB75-A81D-A391A1AEB971}.Release|Any CPU.ActiveCfg = Release|Any CPU
		{0F9145C2-CDAE-AB75-A81D-A391A1AEB971}.Release|Any CPU.Build.0 = Release|Any CPU
		{D38ACD9D-D6C9-6542-EFB9-B30BAD78D7FB}.Debug|Any CPU.ActiveCfg = Debug|Any CPU
		{D38ACD9D-D6C9-6542-EFB9-B30BAD78D7FB}.Debug|Any CPU.Build.0 = Debug|Any CPU
		{D38ACD9D-D6C9-6542-EFB9-B30BAD78D7FB}.Release|Any CPU.ActiveCfg = Release|Any CPU
		{D38ACD9D-D6C9-6542-EFB9-B30BAD78D7FB}.Release|Any CPU.Build.0 = Release|Any CPU
		{0134A34F-80AB-7E1D-33D5-9A2531778D26}.Debug|Any CPU.ActiveCfg = Debug|Any CPU
		{0134A34F-80AB-7E1D-33D5-9A2531778D26}.Debug|Any CPU.Build.0 = Debug|Any CPU
		{0134A34F-80AB-7E1D-33D5-9A2531778D26}.Release|Any CPU.ActiveCfg = Release|Any CPU
		{0134A34F-80AB-7E1D-33D5-9A2531778D26}.Release|Any CPU.Build.0 = Release|Any CPU
		{3A32B10F-93F7-D118-9D39-FF696C907F23}.Debug|Any CPU.ActiveCfg = Debug|Any CPU
		{3A32B10F-93F7-D118-9D39-FF696C907F23}.Debug|Any CPU.Build.0 = Debug|Any CPU
		{3A32B10F-93F7-D118-9D39-FF696C907F23}.Release|Any CPU.ActiveCfg = Release|Any CPU
		{3A32B10F-93F7-D118-9D39-FF696C907F23}.Release|Any CPU.Build.0 = Release|Any CPU
		{E213EB71-35BA-16BF-D5D9-0F72844B2ED7}.Debug|Any CPU.ActiveCfg = Debug|Any CPU
		{E213EB71-35BA-16BF-D5D9-0F72844B2ED7}.Debug|Any CPU.Build.0 = Debug|Any CPU
		{E213EB71-35BA-16BF-D5D9-0F72844B2ED7}.Release|Any CPU.ActiveCfg = Release|Any CPU
		{E213EB71-35BA-16BF-D5D9-0F72844B2ED7}.Release|Any CPU.Build.0 = Release|Any CPU
		{B0D168E8-9F18-709B-7E47-CE585713B413}.Debug|Any CPU.ActiveCfg = Debug|Any CPU
		{B0D168E8-9F18-709B-7E47-CE585713B413}.Debug|Any CPU.Build.0 = Debug|Any CPU
		{B0D168E8-9F18-709B-7E47-CE585713B413}.Release|Any CPU.ActiveCfg = Release|Any CPU
		{B0D168E8-9F18-709B-7E47-CE585713B413}.Release|Any CPU.Build.0 = Release|Any CPU
		{FF6DB680-C0E2-2F2F-75B0-C61AB97D6A3F}.Debug|Any CPU.ActiveCfg = Debug|Any CPU
		{FF6DB680-C0E2-2F2F-75B0-C61AB97D6A3F}.Debug|Any CPU.Build.0 = Debug|Any CPU
		{FF6DB680-C0E2-2F2F-75B0-C61AB97D6A3F}.Release|Any CPU.ActiveCfg = Release|Any CPU
		{FF6DB680-C0E2-2F2F-75B0-C61AB97D6A3F}.Release|Any CPU.Build.0 = Release|Any CPU
		{A99D3587-5876-96FE-A013-0B84BFD6234F}.Debug|Any CPU.ActiveCfg = Debug|Any CPU
		{A99D3587-5876-96FE-A013-0B84BFD6234F}.Debug|Any CPU.Build.0 = Debug|Any CPU
		{A99D3587-5876-96FE-A013-0B84BFD6234F}.Release|Any CPU.ActiveCfg = Release|Any CPU
		{A99D3587-5876-96FE-A013-0B84BFD6234F}.Release|Any CPU.Build.0 = Release|Any CPU
		{B6AAD24E-7EE0-F633-8F63-71E47E9D26D2}.Debug|Any CPU.ActiveCfg = Debug|Any CPU
		{B6AAD24E-7EE0-F633-8F63-71E47E9D26D2}.Debug|Any CPU.Build.0 = Debug|Any CPU
		{B6AAD24E-7EE0-F633-8F63-71E47E9D26D2}.Release|Any CPU.ActiveCfg = Release|Any CPU
		{B6AAD24E-7EE0-F633-8F63-71E47E9D26D2}.Release|Any CPU.Build.0 = Release|Any CPU
		{D9A12E1A-A8F6-3923-A24E-D0877D797235}.Debug|Any CPU.ActiveCfg = Debug|Any CPU
		{D9A12E1A-A8F6-3923-A24E-D0877D797235}.Debug|Any CPU.Build.0 = Debug|Any CPU
		{D9A12E1A-A8F6-3923-A24E-D0877D797235}.Release|Any CPU.ActiveCfg = Release|Any CPU
		{D9A12E1A-A8F6-3923-A24E-D0877D797235}.Release|Any CPU.Build.0 = Release|Any CPU
		{BD45E5F6-6BA3-22EC-2E26-92E07DF8675E}.Debug|Any CPU.ActiveCfg = Debug|Any CPU
		{BD45E5F6-6BA3-22EC-2E26-92E07DF8675E}.Debug|Any CPU.Build.0 = Debug|Any CPU
		{BD45E5F6-6BA3-22EC-2E26-92E07DF8675E}.Release|Any CPU.ActiveCfg = Release|Any CPU
		{BD45E5F6-6BA3-22EC-2E26-92E07DF8675E}.Release|Any CPU.Build.0 = Release|Any CPU
		{2D0F4735-3F7F-ADEC-C1DE-9FE033C465A4}.Debug|Any CPU.ActiveCfg = Debug|Any CPU
		{2D0F4735-3F7F-ADEC-C1DE-9FE033C465A4}.Debug|Any CPU.Build.0 = Debug|Any CPU
		{2D0F4735-3F7F-ADEC-C1DE-9FE033C465A4}.Release|Any CPU.ActiveCfg = Release|Any CPU
		{2D0F4735-3F7F-ADEC-C1DE-9FE033C465A4}.Release|Any CPU.Build.0 = Release|Any CPU
		{03C9FEC1-15C0-19F2-5DDB-11534CA08579}.Debug|Any CPU.ActiveCfg = Debug|Any CPU
		{03C9FEC1-15C0-19F2-5DDB-11534CA08579}.Debug|Any CPU.Build.0 = Debug|Any CPU
		{03C9FEC1-15C0-19F2-5DDB-11534CA08579}.Release|Any CPU.ActiveCfg = Release|Any CPU
		{03C9FEC1-15C0-19F2-5DDB-11534CA08579}.Release|Any CPU.Build.0 = Release|Any CPU
		{2F9776DD-B75D-FA0C-AE19-F805EE16C13F}.Debug|Any CPU.ActiveCfg = Debug|Any CPU
		{2F9776DD-B75D-FA0C-AE19-F805EE16C13F}.Debug|Any CPU.Build.0 = Debug|Any CPU
		{2F9776DD-B75D-FA0C-AE19-F805EE16C13F}.Release|Any CPU.ActiveCfg = Release|Any CPU
		{2F9776DD-B75D-FA0C-AE19-F805EE16C13F}.Release|Any CPU.Build.0 = Release|Any CPU
		{CC75D9AA-453D-13D5-6984-117392B7A6DA}.Debug|Any CPU.ActiveCfg = Debug|Any CPU
		{CC75D9AA-453D-13D5-6984-117392B7A6DA}.Debug|Any CPU.Build.0 = Debug|Any CPU
		{CC75D9AA-453D-13D5-6984-117392B7A6DA}.Release|Any CPU.ActiveCfg = Release|Any CPU
		{CC75D9AA-453D-13D5-6984-117392B7A6DA}.Release|Any CPU.Build.0 = Release|Any CPU
		{C7F38F16-097F-DDD9-74AB-3698D7762529}.Debug|Any CPU.ActiveCfg = Debug|Any CPU
		{C7F38F16-097F-DDD9-74AB-3698D7762529}.Debug|Any CPU.Build.0 = Debug|Any CPU
		{C7F38F16-097F-DDD9-74AB-3698D7762529}.Release|Any CPU.ActiveCfg = Release|Any CPU
		{C7F38F16-097F-DDD9-74AB-3698D7762529}.Release|Any CPU.Build.0 = Release|Any CPU
		{077BFBA7-ABE4-A80C-AF34-B1A956F6AC79}.Debug|Any CPU.ActiveCfg = Debug|Any CPU
		{077BFBA7-ABE4-A80C-AF34-B1A956F6AC79}.Debug|Any CPU.Build.0 = Debug|Any CPU
		{077BFBA7-ABE4-A80C-AF34-B1A956F6AC79}.Release|Any CPU.ActiveCfg = Release|Any CPU
		{077BFBA7-ABE4-A80C-AF34-B1A956F6AC79}.Release|Any CPU.Build.0 = Release|Any CPU
		{48598F0A-B3C7-488A-B25D-11A1A20873DB}.Debug|Any CPU.ActiveCfg = Debug|Any CPU
		{48598F0A-B3C7-488A-B25D-11A1A20873DB}.Debug|Any CPU.Build.0 = Debug|Any CPU
		{48598F0A-B3C7-488A-B25D-11A1A20873DB}.Release|Any CPU.ActiveCfg = Release|Any CPU
		{48598F0A-B3C7-488A-B25D-11A1A20873DB}.Release|Any CPU.Build.0 = Release|Any CPU
		{56E6C531-992A-96F0-92D6-9231F2DB180E}.Debug|Any CPU.ActiveCfg = Debug|Any CPU
		{56E6C531-992A-96F0-92D6-9231F2DB180E}.Debug|Any CPU.Build.0 = Debug|Any CPU
		{56E6C531-992A-96F0-92D6-9231F2DB180E}.Release|Any CPU.ActiveCfg = Release|Any CPU
		{56E6C531-992A-96F0-92D6-9231F2DB180E}.Release|Any CPU.Build.0 = Release|Any CPU
	EndGlobalSection
	GlobalSection(SolutionProperties) = preSolution
		HideSolutionNode = FALSE
	EndGlobalSection
EndGlobal
